{
  "name": "botfront",
  "lockfileVersion": 2,
  "requires": true,
  "packages": {
    "": {
      "dependencies": {
        "p-wait-for": "^4.1.0"
      }
    },
    "node_modules/p-timeout": {
      "version": "5.0.2",
      "resolved": "https://registry.npmjs.org/p-timeout/-/p-timeout-5.0.2.tgz",
      "integrity": "sha512-sEmji9Yaq+Tw+STwsGAE56hf7gMy9p0tQfJojIAamB7WHJYJKf1qlsg9jqBWG8q9VCxKPhZaP/AcXwEoBcYQhQ==",
      "engines": {
        "node": ">=12"
      },
      "funding": {
        "url": "https://github.com/sponsors/sindresorhus"
      }
    },
    "node_modules/p-wait-for": {
      "version": "4.1.0",
      "resolved": "https://registry.npmjs.org/p-wait-for/-/p-wait-for-4.1.0.tgz",
      "integrity": "sha512-i8nE5q++9h8oaQHWltS1Tnnv4IoMDOlqN7C0KFG2OdbK0iFJIt6CROZ8wfBM+K4Pxqfnq4C4lkkpXqTEpB5DZw==",
      "dependencies": {
        "p-timeout": "^5.0.0"
      },
      "engines": {
        "node": ">=12"
      },
      "funding": {
        "url": "https://github.com/sponsors/sindresorhus"
      }
    }
  },
  "dependencies": {
    "p-timeout": {
      "version": "5.0.2",
      "resolved": "https://registry.npmjs.org/p-timeout/-/p-timeout-5.0.2.tgz",
      "integrity": "sha512-sEmji9Yaq+Tw+STwsGAE56hf7gMy9p0tQfJojIAamB7WHJYJKf1qlsg9jqBWG8q9VCxKPhZaP/AcXwEoBcYQhQ=="
    },
    "p-wait-for": {
      "version": "4.1.0",
      "resolved": "https://registry.npmjs.org/p-wait-for/-/p-wait-for-4.1.0.tgz",
      "integrity": "sha512-i8nE5q++9h8oaQHWltS1Tnnv4IoMDOlqN7C0KFG2OdbK0iFJIt6CROZ8wfBM+K4Pxqfnq4C4lkkpXqTEpB5DZw==",
      "requires": {
        "p-timeout": "^5.0.0"
      }
    }
  }
}
