# THIS IS AN AUTOGENERATED FILE. DO NOT EDIT THIS FILE DIRECTLY.
# yarn lockfile v1


"p-timeout@^5.0.0":
  "integrity" "sha512-sEmji9Yaq+Tw+STwsGAE56hf7gMy9p0tQfJojIAamB7WHJYJKf1qlsg9jqBWG8q9VCxKPhZaP/AcXwEoBcYQhQ=="
  "resolved" "https://registry.npmjs.org/p-timeout/-/p-timeout-5.0.2.tgz"
  "version" "5.0.2"

"p-wait-for@^4.1.0":
  "integrity" "sha512-i8nE5q++9h8oaQHWltS1Tnnv4IoMDOlqN7C0KFG2OdbK0iFJIt6CROZ8wfBM+K4Pxqfnq4C4lkkpXqTEpB5DZw=="
  "resolved" "https://registry.npmjs.org/p-wait-for/-/p-wait-for-4.1.0.tgz"
  "version" "4.1.0"
  dependencies:
    "p-timeout" "^5.0.0"
